
Microsoft Visual Studio Solution File, Format Version 12.00
# Visual Studio Version 17
VisualStudioVersion = 17.3.32825.248
MinimumVisualStudioVersion = 10.0.40219.1
Project("{9A19103F-16F7-4668-BE54-9A1E7A4F7556}") = "TestsGenerator", "TestsGenerator\TestsGenerator.csproj", "{46A911BB-94BE-43A5-A73C-0C539C80C68A}"
EndProject
Project("{FAE04EC0-301F-11D3-BF4B-00C04F79EFBC}") = "ConsoleApp", "Console\ConsoleApp.csproj", "{CB3EB83B-2727-4FEE-B883-19E5F0B1B428}"
EndProject
Project("{FAE04EC0-301F-11D3-BF4B-00C04F79EFBC}") = "Tests", "Tests\Tests.csproj", "{E16A24F7-4661-4BF1-8CF9-0CEC4E9F17E9}"
EndProject
Global
	GlobalSection(SolutionConfigurationPlatforms) = preSolution
		Debug|Any CPU = Debug|Any CPU
		Release|Any CPU = Release|Any CPU
	EndGlobalSection
	GlobalSection(ProjectConfigurationPlatforms) = postSolution
		{46A911BB-94BE-43A5-A73C-0C539C80C68A}.Debug|Any CPU.ActiveCfg = Debug|Any CPU
		{46A911BB-94BE-43A5-A73C-0C539C80C68A}.Debug|Any CPU.Build.0 = Debug|Any CPU
		{46A911BB-94BE-43A5-A73C-0C539C80C68A}.Release|Any CPU.ActiveCfg = Release|Any CPU
		{46A911BB-94BE-43A5-A73C-0C539C80C68A}.Release|Any CPU.Build.0 = Release|Any CPU
		{CB3EB83B-2727-4FEE-B883-19E5F0B1B428}.Debug|Any CPU.ActiveCfg = Debug|Any CPU
		{CB3EB83B-2727-4FEE-B883-19E5F0B1B428}.Debug|Any CPU.Build.0 = Debug|Any CPU
		{CB3EB83B-2727-4FEE-B883-19E5F0B1B428}.Release|Any CPU.ActiveCfg = Release|Any CPU
		{CB3EB83B-2727-4FEE-B883-19E5F0B1B428}.Release|Any CPU.Build.0 = Release|Any CPU
		{E16A24F7-4661-4BF1-8CF9-0CEC4E9F17E9}.Debug|Any CPU.ActiveCfg = Debug|Any CPU
		{E16A24F7-4661-4BF1-8CF9-0CEC4E9F17E9}.Debug|Any CPU.Build.0 = Debug|Any CPU
		{E16A24F7-4661-4BF1-8CF9-0CEC4E9F17E9}.Release|Any CPU.ActiveCfg = Release|Any CPU
		{E16A24F7-4661-4BF1-8CF9-0CEC4E9F17E9}.Release|Any CPU.Build.0 = Release|Any CPU
	EndGlobalSection
	GlobalSection(SolutionProperties) = preSolution
		HideSolutionNode = FALSE
	EndGlobalSection
	GlobalSection(ExtensibilityGlobals) = postSolution
		SolutionGuid = {6DBA522A-530E-4F17-B056-70DF39173949}
	EndGlobalSection
EndGlobal
